
Microsoft Visual Studio Solution File, Format Version 12.00
# Visual Studio Version 17
VisualStudioVersion = 17.9.34622.214
MinimumVisualStudioVersion = 10.0.40219.1
Project("{FAE04EC0-301F-11D3-BF4B-00C04F79EFBC}") = "JogoDaAdivinhacao.ConsoleApp", "JogoDaAdivinhacaoConsoleApp\JogoDaAdivinhacao.ConsoleApp.csproj", "{979DC7DE-1086-47DC-BA9E-53A69D69D48A}"
EndProject
Global
	GlobalSection(SolutionConfigurationPlatforms) = preSolution
		Debug|Any CPU = Debug|Any CPU
		Release|Any CPU = Release|Any CPU
	EndGlobalSection
	GlobalSection(ProjectConfigurationPlatforms) = postSolution
		{979DC7DE-1086-47DC-BA9E-53A69D69D48A}.Debug|Any CPU.ActiveCfg = Debug|Any CPU
		{979DC7DE-1086-47DC-BA9E-53A69D69D48A}.Debug|Any CPU.Build.0 = Debug|Any CPU
		{979DC7DE-1086-47DC-BA9E-53A69D69D48A}.Release|Any CPU.ActiveCfg = Release|Any CPU
		{979DC7DE-1086-47DC-BA9E-53A69D69D48A}.Release|Any CPU.Build.0 = Release|Any CPU
	EndGlobalSection
	GlobalSection(SolutionProperties) = preSolution
		HideSolutionNode = FALSE
	EndGlobalSection
	GlobalSection(ExtensibilityGlobals) = postSolution
		SolutionGuid = {F84BC4B5-24DC-4315-ABB1-84D68FB1FD05}
	EndGlobalSection
EndGlobal
